
Microsoft Visual Studio Solution File, Format Version 12.00
# Visual Studio Version 16
VisualStudioVersion = 16.0.31321.278
MinimumVisualStudioVersion = 10.0.40219.1
Project("{2150E333-8FDC-42A3-9474-1A3956D46DE8}") = "src", "src", "{CBC62EC8-643C-4977-966D-589D994093EB}"
EndProject
Project("{2150E333-8FDC-42A3-9474-1A3956D46DE8}") = "services", "services", "{B3208179-2068-4D08-89E5-E89059EF1AA8}"
EndProject
Project("{2150E333-8FDC-42A3-9474-1A3956D46DE8}") = "web", "web", "{9DAE9AF3-DFE1-4A9D-8350-B3A1486B412D}"
EndProject
Project("{9A19103F-16F7-4668-BE54-9A1E7A4F7556}") = "EventCatalogAPI", "EventCatalogAPI\EventCatalogAPI.csproj", "{650571DF-000C-4F6C-8EC0-4620408A291F}"
EndProject
Project("{E53339B2-1760-4266-BCC7-CA923CBCF16C}") = "docker-compose", "docker-compose.dcproj", "{CCB51A2B-F154-4B23-8DFC-A86ED733DB57}"
EndProject
Global
	GlobalSection(SolutionConfigurationPlatforms) = preSolution
		Debug|Any CPU = Debug|Any CPU
		Release|Any CPU = Release|Any CPU
	EndGlobalSection
	GlobalSection(ProjectConfigurationPlatforms) = postSolution
		{650571DF-000C-4F6C-8EC0-4620408A291F}.Debug|Any CPU.ActiveCfg = Debug|Any CPU
		{650571DF-000C-4F6C-8EC0-4620408A291F}.Debug|Any CPU.Build.0 = Debug|Any CPU
		{650571DF-000C-4F6C-8EC0-4620408A291F}.Release|Any CPU.ActiveCfg = Release|Any CPU
		{650571DF-000C-4F6C-8EC0-4620408A291F}.Release|Any CPU.Build.0 = Release|Any CPU
		{CCB51A2B-F154-4B23-8DFC-A86ED733DB57}.Debug|Any CPU.ActiveCfg = Debug|Any CPU
		{CCB51A2B-F154-4B23-8DFC-A86ED733DB57}.Debug|Any CPU.Build.0 = Debug|Any CPU
		{CCB51A2B-F154-4B23-8DFC-A86ED733DB57}.Release|Any CPU.ActiveCfg = Release|Any CPU
		{CCB51A2B-F154-4B23-8DFC-A86ED733DB57}.Release|Any CPU.Build.0 = Release|Any CPU
	EndGlobalSection
	GlobalSection(SolutionProperties) = preSolution
		HideSolutionNode = FALSE
	EndGlobalSection
	GlobalSection(NestedProjects) = preSolution
		{B3208179-2068-4D08-89E5-E89059EF1AA8} = {CBC62EC8-643C-4977-966D-589D994093EB}
		{9DAE9AF3-DFE1-4A9D-8350-B3A1486B412D} = {CBC62EC8-643C-4977-966D-589D994093EB}
		{650571DF-000C-4F6C-8EC0-4620408A291F} = {B3208179-2068-4D08-89E5-E89059EF1AA8}
	EndGlobalSection
	GlobalSection(ExtensibilityGlobals) = postSolution
		SolutionGuid = {71B1DC3C-6D03-4854-9DB0-1DA9C7EBD32B}
	EndGlobalSection
EndGlobal
